
Microsoft Visual Studio Solution File, Format Version 12.00
# Visual Studio Version 16
VisualStudioVersion = 16.0.29709.97
MinimumVisualStudioVersion = 10.0.40219.1
Project("{FAE04EC0-301F-11D3-BF4B-00C04F79EFBC}") = "TP2", "TP2\TP2.csproj", "{596245C0-DF23-498C-8EA7-CE6886948F4F}"
EndProject
Global
	GlobalSection(SolutionConfigurationPlatforms) = preSolution
		Debug|Any CPU = Debug|Any CPU
		Release|Any CPU = Release|Any CPU
	EndGlobalSection
	GlobalSection(ProjectConfigurationPlatforms) = postSolution
		{596245C0-DF23-498C-8EA7-CE6886948F4F}.Debug|Any CPU.ActiveCfg = Debug|Any CPU
		{596245C0-DF23-498C-8EA7-CE6886948F4F}.Debug|Any CPU.Build.0 = Debug|Any CPU
		{596245C0-DF23-498C-8EA7-CE6886948F4F}.Release|Any CPU.ActiveCfg = Release|Any CPU
		{596245C0-DF23-498C-8EA7-CE6886948F4F}.Release|Any CPU.Build.0 = Release|Any CPU
	EndGlobalSection
	GlobalSection(SolutionProperties) = preSolution
		HideSolutionNode = FALSE
	EndGlobalSection
	GlobalSection(ExtensibilityGlobals) = postSolution
		SolutionGuid = {FAF4F398-7041-4D8F-9255-9E6B80068D2F}
	EndGlobalSection
EndGlobal
